
Microsoft Visual Studio Solution File, Format Version 12.00
# Visual Studio Version 17
VisualStudioVersion = 17.3.32825.248
MinimumVisualStudioVersion = 10.0.40219.1
Project("{FAE04EC0-301F-11D3-BF4B-00C04F79EFBC}") = "JumpVerse", "JumpVerse\JumpVerse.csproj", "{2AB316DE-D24D-46BA-A232-F43C700DF860}"
EndProject
Global
	GlobalSection(SolutionConfigurationPlatforms) = preSolution
		Debug|Any CPU = Debug|Any CPU
		Release|Any CPU = Release|Any CPU
	EndGlobalSection
	GlobalSection(ProjectConfigurationPlatforms) = postSolution
		{2AB316DE-D24D-46BA-A232-F43C700DF860}.Debug|Any CPU.ActiveCfg = Debug|Any CPU
		{2AB316DE-D24D-46BA-A232-F43C700DF860}.Debug|Any CPU.Build.0 = Debug|Any CPU
		{2AB316DE-D24D-46BA-A232-F43C700DF860}.Release|Any CPU.ActiveCfg = Release|Any CPU
		{2AB316DE-D24D-46BA-A232-F43C700DF860}.Release|Any CPU.Build.0 = Release|Any CPU
	EndGlobalSection
	GlobalSection(SolutionProperties) = preSolution
		HideSolutionNode = FALSE
	EndGlobalSection
	GlobalSection(ExtensibilityGlobals) = postSolution
		SolutionGuid = {245396CC-F312-4EF3-A01A-DAFDD54937D1}
	EndGlobalSection
EndGlobal
